
Microsoft Visual Studio Solution File, Format Version 12.00
# Visual Studio Version 17
VisualStudioVersion = 17.9.34616.47
MinimumVisualStudioVersion = 10.0.40219.1
Project("{FAE04EC0-301F-11D3-BF4B-00C04F79EFBC}") = "Media App", "Media App.csproj", "{1168DBD1-957D-432E-A862-13C523A1B790}"
EndProject
Global
	GlobalSection(SolutionConfigurationPlatforms) = preSolution
		Debug|Any CPU = Debug|Any CPU
		Release|Any CPU = Release|Any CPU
	EndGlobalSection
	GlobalSection(ProjectConfigurationPlatforms) = postSolution
		{1168DBD1-957D-432E-A862-13C523A1B790}.Debug|Any CPU.ActiveCfg = Debug|Any CPU
		{1168DBD1-957D-432E-A862-13C523A1B790}.Debug|Any CPU.Build.0 = Debug|Any CPU
		{1168DBD1-957D-432E-A862-13C523A1B790}.Release|Any CPU.ActiveCfg = Release|Any CPU
		{1168DBD1-957D-432E-A862-13C523A1B790}.Release|Any CPU.Build.0 = Release|Any CPU
	EndGlobalSection
	GlobalSection(SolutionProperties) = preSolution
		HideSolutionNode = FALSE
	EndGlobalSection
	GlobalSection(ExtensibilityGlobals) = postSolution
		SolutionGuid = {0853E790-42AE-45CF-82AC-B2BB274D998F}
	EndGlobalSection
EndGlobal
